<?xml version="1.0" encoding="utf-8"?>
<Project ToolsVersion="4.0" xmlns="http://schemas.microsoft.com/developer/msbuild/2003">
  <ItemGroup>
    <Filter Include="Source Files">
      <UniqueIdentifier>{4FC737F1-C7A5-4376-A066-2A32D752A2FF}</UniqueIdentifier>
      <Extensions>cpp;c;cc;cxx;c++;def;odl;idl;hpj;bat;asm;asmx</Extensions>
    </Filter>
    <Filter Include="Header Files">
      <UniqueIdentifier>{93995380-89BD-4b04-88EB-625FBE52EBFB}</UniqueIdentifier>
      <Extensions>h;hh;hpp;hxx;h++;hm;inl;inc;ipp;xsd</Extensions>
    </Filter>
    <Filter Include="Resource Files">
      <UniqueIdentifier>{67DA6AB6-F800-4c08-8B7A-83BB121AAD01}</UniqueIdentifier>
      <Extensions>rc;ico;cur;bmp;dlg;rc2;rct;bin;rgs;gif;jpg;jpeg;jpe;resx;tiff;tif;png;wav;mfcribbon-ms</Extensions>
    </Filter>
  </ItemGroup>
  <ItemGroup>
    <ClCompile Include="main.cpp">
      <Filter>Source Files</Filter>
    </ClCompile>
    <ClCompile Include="BarChart.cpp">
      <Filter>Source Files</Filter>
    </ClCompile>
    <ClCompile Include="Loader.cpp">
      <Filter>Source Files</Filter>
    </ClCompile>
    <ClCompile Include="VideoData.cpp">
      <Filter>Source Files</Filter>
    </ClCompile>
    <ClCompile Include="Widget.cpp">
      <Filter>Source Files</Filter>
    </ClCompile>
    <ClCompile Include="Dragbar.cpp">
      <Filter>Source Files</Filter>
    </ClCompile>
    <ClCompile Include="Collideable.cpp">
      <Filter>Source Files</Filter>
    </ClCompile>
    <ClCompile Include="Mouse.cpp">
      <Filter>Source Files</Filter>
    </ClCompile>
    <ClCompile Include="Button.cpp">
      <Filter>Source Files</Filter>
    </ClCompile>
    <ClCompile Include="WidgetBar.cpp">
      <Filter>Source Files</Filter>
    </ClCompile>
    <ClCompile Include="TextureData.cpp">
      <Filter>Source Files</Filter>
    </ClCompile>
    <ClCompile Include="Constants.cpp">
      <Filter>Source Files</Filter>
    </ClCompile>
    <ClCompile Include="UIPool.cpp">
      <Filter>Source Files</Filter>
    </ClCompile>
    <ClCompile Include="UI.cpp">
      <Filter>Source Files</Filter>
    </ClCompile>
    <ClCompile Include="RandColorVisual.cpp">
      <Filter>Source Files</Filter>
    </ClCompile>
    <ClCompile Include="Visual.cpp">
      <Filter>Source Files</Filter>
    </ClCompile>
    <ClCompile Include="FontData.cpp">
      <Filter>Source Files</Filter>
    </ClCompile>
    <ClCompile Include="Driver.cpp">
      <Filter>Source Files</Filter>
    </ClCompile>
    <ClCompile Include="IntroMovie.cpp">
      <Filter>Source Files</Filter>
    </ClCompile>
    <ClCompile Include="ListBox.cpp">
      <Filter>Source Files</Filter>
    </ClCompile>
    <ClCompile Include="PrimitiveButton.cpp">
      <Filter>Source Files</Filter>
    </ClCompile>
    <ClCompile Include="InputPanel.cpp">
      <Filter>Source Files</Filter>
    </ClCompile>
    <ClCompile Include="ButtonPrimitiveTextual.cpp">
      <Filter>Source Files</Filter>
    </ClCompile>
    <ClCompile Include="ListBoxMultiple.cpp">
      <Filter>Source Files</Filter>
    </ClCompile>
    <ClCompile Include="ListBoxSingle.cpp">
      <Filter>Source Files</Filter>
    </ClCompile>
    <ClCompile Include="Toolbar.cpp">
      <Filter>Source Files</Filter>
    </ClCompile>
    <ClCompile Include="TickClock.cpp">
      <Filter>Source Files</Filter>
    </ClCompile>
    <ClCompile Include="Timer.cpp">
      <Filter>Source Files</Filter>
    </ClCompile>
    <ClCompile Include="Overlay.cpp">
      <Filter>Source Files</Filter>
    </ClCompile>
    <ClCompile Include="EventQueue.cpp">
      <Filter>Source Files</Filter>
    </ClCompile>
    <ClCompile Include="Listener.cpp">
      <Filter>Source Files</Filter>
    </ClCompile>
    <ClCompile Include="Log.cpp">
      <Filter>Source Files</Filter>
    </ClCompile>
  </ItemGroup>
  <ItemGroup>
    <ClInclude Include="BarChart.h">
      <Filter>Header Files</Filter>
    </ClInclude>
    <ClInclude Include="Loader.h">
      <Filter>Header Files</Filter>
    </ClInclude>
    <ClInclude Include="VideoData.h">
      <Filter>Header Files</Filter>
    </ClInclude>
    <ClInclude Include="Conversion.h">
      <Filter>Header Files</Filter>
    </ClInclude>
    <ClInclude Include="Widget.h">
      <Filter>Header Files</Filter>
    </ClInclude>
    <ClInclude Include="Dragbar.h">
      <Filter>Header Files</Filter>
    </ClInclude>
    <ClInclude Include="Collideable.h">
      <Filter>Header Files</Filter>
    </ClInclude>
    <ClInclude Include="Mouse.h">
      <Filter>Header Files</Filter>
    </ClInclude>
    <ClInclude Include="Button.h">
      <Filter>Header Files</Filter>
    </ClInclude>
    <ClInclude Include="WidgetBar.h">
      <Filter>Header Files</Filter>
    </ClInclude>
    <ClInclude Include="TextureData.h">
      <Filter>Header Files</Filter>
    </ClInclude>
    <ClInclude Include="Constants.h">
      <Filter>Header Files</Filter>
    </ClInclude>
    <ClInclude Include="UIPool.h">
      <Filter>Header Files</Filter>
    </ClInclude>
    <ClInclude Include="UI.h">
      <Filter>Header Files</Filter>
    </ClInclude>
    <ClInclude Include="RandColorVisual.h">
      <Filter>Header Files</Filter>
    </ClInclude>
    <ClInclude Include="Visual.h">
      <Filter>Header Files</Filter>
    </ClInclude>
    <ClInclude Include="FontData.h">
      <Filter>Header Files</Filter>
    </ClInclude>
    <ClInclude Include="Driver.h">
      <Filter>Header Files</Filter>
    </ClInclude>
    <ClInclude Include="IntroMovie.h">
      <Filter>Header Files</Filter>
    </ClInclude>
    <ClInclude Include="ListBox.h">
      <Filter>Header Files</Filter>
    </ClInclude>
    <ClInclude Include="PrimitiveButton.h">
      <Filter>Header Files</Filter>
    </ClInclude>
    <ClInclude Include="InputPanel.h">
      <Filter>Header Files</Filter>
    </ClInclude>
    <ClInclude Include="ButtonPrimitiveTextual.h">
      <Filter>Header Files</Filter>
    </ClInclude>
    <ClInclude Include="DataMod.h">
      <Filter>Header Files</Filter>
    </ClInclude>
    <ClInclude Include="NumMod.h">
      <Filter>Header Files</Filter>
    </ClInclude>
    <ClInclude Include="ListBoxMultiple.h">
      <Filter>Header Files</Filter>
    </ClInclude>
    <ClInclude Include="ListBoxSingle.h">
      <Filter>Header Files</Filter>
    </ClInclude>
    <ClInclude Include="Toolbar.h">
      <Filter>Header Files</Filter>
    </ClInclude>
    <ClInclude Include="TickClock.h">
      <Filter>Header Files</Filter>
    </ClInclude>
    <ClInclude Include="Timer.h">
      <Filter>Header Files</Filter>
    </ClInclude>
    <ClInclude Include="Overlay.h">
      <Filter>Header Files</Filter>
    </ClInclude>
    <ClInclude Include="EventQueue.h">
      <Filter>Header Files</Filter>
    </ClInclude>
    <ClInclude Include="Listener.h">
      <Filter>Header Files</Filter>
    </ClInclude>
    <ClInclude Include="Event.h">
      <Filter>Header Files</Filter>
    </ClInclude>
    <ClInclude Include="Log.h">
      <Filter>Header Files</Filter>
    </ClInclude>
  </ItemGroup>
</Project>